
Microsoft Visual Studio Solution File, Format Version 12.00
# Visual Studio Version 17
VisualStudioVersion = 17.2.32616.157
MinimumVisualStudioVersion = 10.0.40219.1
Project("{FAE04EC0-301F-11D3-BF4B-00C04F79EFBC}") = "AudioTestingApp", "AudioTestingApp.csproj", "{4C6843E1-949F-44C4-91CF-7CDD9648A4DC}"
EndProject
Global
	GlobalSection(SolutionConfigurationPlatforms) = preSolution
		Debug|Any CPU = Debug|Any CPU
		Release|Any CPU = Release|Any CPU
	EndGlobalSection
	GlobalSection(ProjectConfigurationPlatforms) = postSolution
		{4C6843E1-949F-44C4-91CF-7CDD9648A4DC}.Debug|Any CPU.ActiveCfg = Debug|Any CPU
		{4C6843E1-949F-44C4-91CF-7CDD9648A4DC}.Debug|Any CPU.Build.0 = Debug|Any CPU
		{4C6843E1-949F-44C4-91CF-7CDD9648A4DC}.Release|Any CPU.ActiveCfg = Release|Any CPU
		{4C6843E1-949F-44C4-91CF-7CDD9648A4DC}.Release|Any CPU.Build.0 = Release|Any CPU
	EndGlobalSection
	GlobalSection(SolutionProperties) = preSolution
		HideSolutionNode = FALSE
	EndGlobalSection
	GlobalSection(ExtensibilityGlobals) = postSolution
		SolutionGuid = {F2D3537D-9968-44F5-B030-6E1166DB9DC9}
	EndGlobalSection
EndGlobal
